
Microsoft Visual Studio Solution File, Format Version 12.00
# Visual Studio 15
VisualStudioVersion = 15.0.26430.15
MinimumVisualStudioVersion = 10.0.40219.1
Project("{E24C65DC-7377-472B-9ABA-BC803B73C61A}") = "Week2_Tenayuca", "..\..\WebSites\Week2_Tenayuca\", "{9E50CF82-2D81-4D34-927C-4BF519B19B25}"
	ProjectSection(WebsiteProperties) = preProject
		TargetFrameworkMoniker = ".NETFramework,Version%3Dv4.5.1"
		Debug.AspNetCompiler.VirtualPath = "/localhost_58253"
		Debug.AspNetCompiler.PhysicalPath = "..\..\WebSites\Week2_Tenayuca\"
		Debug.AspNetCompiler.TargetPath = "PrecompiledWeb\localhost_58253\"
		Debug.AspNetCompiler.Updateable = "true"
		Debug.AspNetCompiler.ForceOverwrite = "true"
		Debug.AspNetCompiler.FixedNames = "false"
		Debug.AspNetCompiler.Debug = "True"
		Release.AspNetCompiler.VirtualPath = "/localhost_58253"
		Release.AspNetCompiler.PhysicalPath = "..\..\WebSites\Week2_Tenayuca\"
		Release.AspNetCompiler.TargetPath = "PrecompiledWeb\localhost_58253\"
		Release.AspNetCompiler.Updateable = "true"
		Release.AspNetCompiler.ForceOverwrite = "true"
		Release.AspNetCompiler.FixedNames = "false"
		Release.AspNetCompiler.Debug = "False"
		VWDPort = "58253"
		SlnRelativePath = "..\..\WebSites\Week2_Tenayuca\"
		DefaultWebSiteLanguage = "Visual C#"
	EndProjectSection
EndProject
Project("{E24C65DC-7377-472B-9ABA-BC803B73C61A}") = "Week2_Tenayuca(1)", ".", "{CDA30A7A-67F4-481A-A86D-268E2F2813BF}"
	ProjectSection(WebsiteProperties) = preProject
		TargetFrameworkMoniker = ".NETFramework,Version%3Dv4.0"
		Debug.AspNetCompiler.VirtualPath = "/localhost_61906"
		Debug.AspNetCompiler.PhysicalPath = "..\Week2_Tenayuca\"
		Debug.AspNetCompiler.TargetPath = "PrecompiledWeb\localhost_61906\"
		Debug.AspNetCompiler.Updateable = "true"
		Debug.AspNetCompiler.ForceOverwrite = "true"
		Debug.AspNetCompiler.FixedNames = "false"
		Debug.AspNetCompiler.Debug = "True"
		Release.AspNetCompiler.VirtualPath = "/localhost_61906"
		Release.AspNetCompiler.PhysicalPath = "..\Week2_Tenayuca\"
		Release.AspNetCompiler.TargetPath = "PrecompiledWeb\localhost_61906\"
		Release.AspNetCompiler.Updateable = "true"
		Release.AspNetCompiler.ForceOverwrite = "true"
		Release.AspNetCompiler.FixedNames = "false"
		Release.AspNetCompiler.Debug = "False"
		VWDPort = "61906"
	EndProjectSection
EndProject
Global
	GlobalSection(SolutionConfigurationPlatforms) = preSolution
		Debug|Any CPU = Debug|Any CPU
	EndGlobalSection
	GlobalSection(ProjectConfigurationPlatforms) = postSolution
		{9E50CF82-2D81-4D34-927C-4BF519B19B25}.Debug|Any CPU.ActiveCfg = Debug|Any CPU
		{9E50CF82-2D81-4D34-927C-4BF519B19B25}.Debug|Any CPU.Build.0 = Debug|Any CPU
		{CDA30A7A-67F4-481A-A86D-268E2F2813BF}.Debug|Any CPU.ActiveCfg = Debug|Any CPU
		{CDA30A7A-67F4-481A-A86D-268E2F2813BF}.Debug|Any CPU.Build.0 = Debug|Any CPU
	EndGlobalSection
	GlobalSection(SolutionProperties) = preSolution
		HideSolutionNode = FALSE
	EndGlobalSection
	GlobalSection(ExtensibilityGlobals) = postSolution
		SolutionGuid = {BEAE18F1-EAB8-45DF-9627-8EED772415AC}
	EndGlobalSection
EndGlobal
